// !$*UTF8*$!
{
	archiveVersion = 1;
	classes = {
	};
	objectVersion = 46;
	objects = {

/* Begin PBXBuildFile section */
		002196811A520CC500895DB6 /* Security.framework in Frameworks */ = {isa = PBXBuildFile; fileRef = D3DEB64613CFA0180059B963 /* Security.framework */; };
		002196831A520E0E00895DB6 /* Default-568h@2x.png in Resources */ = {isa = PBXBuildFile; fileRef = 002196821A520E0E00895DB6 /* Default-568h@2x.png */; };
		002196871A52107500895DB6 /* SenTestingKit.framework in Frameworks */ = {isa = PBXBuildFile; fileRef = 002196861A52107500895DB6 /* SenTestingKit.framework */; };
		4D07B6ED13F0C376007D98DF /* Security.framework in Frameworks */ = {isa = PBXBuildFile; fileRef = D3DEB64613CFA0180059B963 /* Security.framework */; };
		4D07B6EE13F0C37B007D98DF /* PDKeychainBindings.m in Sources */ = {isa = PBXBuildFile; fileRef = D39ABE6D13CA85E40078DA13 /* PDKeychainBindings.m */; };
		4D07B6EF13F0C37C007D98DF /* PDKeychainBindingsController.m in Sources */ = {isa = PBXBuildFile; fileRef = D39ABE5F13CA81550078DA13 /* PDKeychainBindingsController.m */; };
		4D07B6F213F0C387007D98DF /* PDKeychainBindingsController.h in Headers */ = {isa = PBXBuildFile; fileRef = D39ABE5E13CA81550078DA13 /* PDKeychainBindingsController.h */; settings = {ATTRIBUTES = (Public, ); }; };
		4D07B6F313F0C388007D98DF /* PDKeychainBindings.h in Headers */ = {isa = PBXBuildFile; fileRef = D39ABE6C13CA85E40078DA13 /* PDKeychainBindings.h */; settings = {ATTRIBUTES = (Public, ); }; };
		D39ABE2913CA81090078DA13 /* UIKit.framework in Frameworks */ = {isa = PBXBuildFile; fileRef = D39ABDB213CA80B50078DA13 /* UIKit.framework */; };
		D39ABE2A13CA81090078DA13 /* Foundation.framework in Frameworks */ = {isa = PBXBuildFile; fileRef = D39ABDB413CA80B50078DA13 /* Foundation.framework */; };
		D39ABE2B13CA81090078DA13 /* CoreGraphics.framework in Frameworks */ = {isa = PBXBuildFile; fileRef = D39ABDB613CA80B50078DA13 /* CoreGraphics.framework */; };
		D39ABE3713CA81090078DA13 /* PDKeychainBindingsControlleriOSExampleAppDelegate.m in Sources */ = {isa = PBXBuildFile; fileRef = D39ABE3613CA81090078DA13 /* PDKeychainBindingsControlleriOSExampleAppDelegate.m */; };
		D39ABE3A13CA81090078DA13 /* MainWindow.xib in Resources */ = {isa = PBXBuildFile; fileRef = D39ABE3813CA81090078DA13 /* MainWindow.xib */; };
		D39ABE3D13CA81090078DA13 /* PDKeychainBindingsControlleriOSExampleViewController.m in Sources */ = {isa = PBXBuildFile; fileRef = D39ABE3C13CA81090078DA13 /* PDKeychainBindingsControlleriOSExampleViewController.m */; };
		D39ABE4013CA81090078DA13 /* PDKeychainBindingsControlleriOSExampleViewController.xib in Resources */ = {isa = PBXBuildFile; fileRef = D39ABE3E13CA81090078DA13 /* PDKeychainBindingsControlleriOSExampleViewController.xib */; };
		D39ABE4713CA81090078DA13 /* UIKit.framework in Frameworks */ = {isa = PBXBuildFile; fileRef = D39ABDB213CA80B50078DA13 /* UIKit.framework */; };
		D39ABE4813CA81090078DA13 /* Foundation.framework in Frameworks */ = {isa = PBXBuildFile; fileRef = D39ABDB413CA80B50078DA13 /* Foundation.framework */; };
		D39ABE4913CA81090078DA13 /* CoreGraphics.framework in Frameworks */ = {isa = PBXBuildFile; fileRef = D39ABDB613CA80B50078DA13 /* CoreGraphics.framework */; };
		D39ABE6213CA81550078DA13 /* PDKeychainBindingsController.m in Sources */ = {isa = PBXBuildFile; fileRef = D39ABE5F13CA81550078DA13 /* PDKeychainBindingsController.m */; };
		D39ABE7013CA85E40078DA13 /* PDKeychainBindings.m in Sources */ = {isa = PBXBuildFile; fileRef = D39ABE6D13CA85E40078DA13 /* PDKeychainBindings.m */; };
		D39ABE8513CA8C620078DA13 /* PDKeychainBindingsTest.m in Sources */ = {isa = PBXBuildFile; fileRef = D39ABE8413CA8C620078DA13 /* PDKeychainBindingsTest.m */; };
		D3DEB64713CFA0180059B963 /* Security.framework in Frameworks */ = {isa = PBXBuildFile; fileRef = D3DEB64613CFA0180059B963 /* Security.framework */; };
/* End PBXBuildFile section */

/* Begin PBXContainerItemProxy section */
		002196881A52112600895DB6 /* PBXContainerItemProxy */ = {
			isa = PBXContainerItemProxy;
			containerPortal = D39ABDA513CA80B50078DA13 /* Project object */;
			proxyType = 1;
			remoteGlobalIDString = 4D07B6E313F0C34C007D98DF;
			remoteInfo = PDKeychainBindingsControllerIOS;
		};
/* End PBXContainerItemProxy section */

/* Begin PBXFileReference section */
		002196821A520E0E00895DB6 /* Default-568h@2x.png */ = {isa = PBXFileReference; lastKnownFileType = image.png; name = "Default-568h@2x.png"; path = "../Default-568h@2x.png"; sourceTree = "<group>"; };
		002196861A52107500895DB6 /* SenTestingKit.framework */ = {isa = PBXFileReference; lastKnownFileType = wrapper.framework; name = SenTestingKit.framework; path = Library/Frameworks/SenTestingKit.framework; sourceTree = DEVELOPER_DIR; };
		4D07B6E413F0C34C007D98DF /* libPDKeychainBindingsControllerIOS.a */ = {isa = PBXFileReference; explicitFileType = archive.ar; includeInIndex = 0; path = libPDKeychainBindingsControllerIOS.a; sourceTree = BUILT_PRODUCTS_DIR; };
		D39ABDB213CA80B50078DA13 /* UIKit.framework */ = {isa = PBXFileReference; lastKnownFileType = wrapper.framework; name = UIKit.framework; path = System/Library/Frameworks/UIKit.framework; sourceTree = SDKROOT; };
		D39ABDB413CA80B50078DA13 /* Foundation.framework */ = {isa = PBXFileReference; lastKnownFileType = wrapper.framework; name = Foundation.framework; path = System/Library/Frameworks/Foundation.framework; sourceTree = SDKROOT; };
		D39ABDB613CA80B50078DA13 /* CoreGraphics.framework */ = {isa = PBXFileReference; lastKnownFileType = wrapper.framework; name = CoreGraphics.framework; path = System/Library/Frameworks/CoreGraphics.framework; sourceTree = SDKROOT; };
		D39ABDF513CA80D90078DA13 /* CoreData.framework */ = {isa = PBXFileReference; lastKnownFileType = wrapper.framework; name = CoreData.framework; path = System/Library/Frameworks/CoreData.framework; sourceTree = SDKROOT; };
		D39ABDF613CA80D90078DA13 /* Foundation.framework */ = {isa = PBXFileReference; lastKnownFileType = wrapper.framework; name = Foundation.framework; path = System/Library/Frameworks/Foundation.framework; sourceTree = SDKROOT; };
		D39ABE2713CA81090078DA13 /* PDKeychainBindingsControlleriOSExample.app */ = {isa = PBXFileReference; explicitFileType = wrapper.application; includeInIndex = 0; path = PDKeychainBindingsControlleriOSExample.app; sourceTree = BUILT_PRODUCTS_DIR; };
		D39ABE2E13CA81090078DA13 /* PDKeychainBindingsControlleriOSExample-Info.plist */ = {isa = PBXFileReference; lastKnownFileType = text.plist.xml; path = "PDKeychainBindingsControlleriOSExample-Info.plist"; sourceTree = "<group>"; };
		D39ABE3213CA81090078DA13 /* PDKeychainBindingsControlleriOSExample-Prefix.pch */ = {isa = PBXFileReference; lastKnownFileType = sourcecode.c.h; path = "PDKeychainBindingsControlleriOSExample-Prefix.pch"; sourceTree = "<group>"; };
		D39ABE3513CA81090078DA13 /* PDKeychainBindingsControlleriOSExampleAppDelegate.h */ = {isa = PBXFileReference; lastKnownFileType = sourcecode.c.h; path = PDKeychainBindingsControlleriOSExampleAppDelegate.h; sourceTree = "<group>"; };
		D39ABE3613CA81090078DA13 /* PDKeychainBindingsControlleriOSExampleAppDelegate.m */ = {isa = PBXFileReference; lastKnownFileType = sourcecode.c.objc; path = PDKeychainBindingsControlleriOSExampleAppDelegate.m; sourceTree = "<group>"; };
		D39ABE3913CA81090078DA13 /* en */ = {isa = PBXFileReference; lastKnownFileType = file.xib; name = en; path = en.lproj/MainWindow.xib; sourceTree = "<group>"; };
		D39ABE3B13CA81090078DA13 /* PDKeychainBindingsControlleriOSExampleViewController.h */ = {isa = PBXFileReference; lastKnownFileType = sourcecode.c.h; path = PDKeychainBindingsControlleriOSExampleViewController.h; sourceTree = "<group>"; };
		D39ABE3C13CA81090078DA13 /* PDKeychainBindingsControlleriOSExampleViewController.m */ = {isa = PBXFileReference; lastKnownFileType = sourcecode.c.objc; path = PDKeychainBindingsControlleriOSExampleViewController.m; sourceTree = "<group>"; };
		D39ABE3F13CA81090078DA13 /* en */ = {isa = PBXFileReference; lastKnownFileType = file.xib; name = en; path = en.lproj/PDKeychainBindingsControlleriOSExampleViewController.xib; sourceTree = "<group>"; };
		D39ABE4613CA81090078DA13 /* PDKeychainBindingsControlleriOSExampleTests.xctest */ = {isa = PBXFileReference; explicitFileType = wrapper.cfbundle; includeInIndex = 0; path = PDKeychainBindingsControlleriOSExampleTests.xctest; sourceTree = BUILT_PRODUCTS_DIR; };
		D39ABE5E13CA81550078DA13 /* PDKeychainBindingsController.h */ = {isa = PBXFileReference; fileEncoding = 4; lastKnownFileType = sourcecode.c.h; name = PDKeychainBindingsController.h; path = PDKeychainBindingsController/PDKeychainBindingsController.h; sourceTree = "<group>"; };
		D39ABE5F13CA81550078DA13 /* PDKeychainBindingsController.m */ = {isa = PBXFileReference; fileEncoding = 4; lastKnownFileType = sourcecode.c.objc; name = PDKeychainBindingsController.m; path = PDKeychainBindingsController/PDKeychainBindingsController.m; sourceTree = "<group>"; };
		D39ABE6C13CA85E40078DA13 /* PDKeychainBindings.h */ = {isa = PBXFileReference; fileEncoding = 4; lastKnownFileType = sourcecode.c.h; name = PDKeychainBindings.h; path = PDKeychainBindingsController/PDKeychainBindings.h; sourceTree = "<group>"; };
		D39ABE6D13CA85E40078DA13 /* PDKeychainBindings.m */ = {isa = PBXFileReference; fileEncoding = 4; lastKnownFileType = sourcecode.c.objc; name = PDKeychainBindings.m; path = PDKeychainBindingsController/PDKeychainBindings.m; sourceTree = "<group>"; };
		D39ABE8313CA8C620078DA13 /* PDKeychainBindingsTest.h */ = {isa = PBXFileReference; fileEncoding = 4; lastKnownFileType = sourcecode.c.h; path = PDKeychainBindingsTest.h; sourceTree = "<group>"; };
		D39ABE8413CA8C620078DA13 /* PDKeychainBindingsTest.m */ = {isa = PBXFileReference; fileEncoding = 4; lastKnownFileType = sourcecode.c.objc; path = PDKeychainBindingsTest.m; sourceTree = "<group>"; };
		D3DEB64613CFA0180059B963 /* Security.framework */ = {isa = PBXFileReference; lastKnownFileType = wrapper.framework; name = Security.framework; path = System/Library/Frameworks/Security.framework; sourceTree = SDKROOT; };
/* End PBXFileReference section */

/* Begin PBXFrameworksBuildPhase section */
		4D07B6E213F0C34C007D98DF /* Frameworks */ = {
			isa = PBXFrameworksBuildPhase;
			buildActionMask = 2147483647;
			files = (
				4D07B6ED13F0C376007D98DF /* Security.framework in Frameworks */,
			);
			runOnlyForDeploymentPostprocessing = 0;
		};
		D39ABE2413CA81090078DA13 /* Frameworks */ = {
			isa = PBXFrameworksBuildPhase;
			buildActionMask = 2147483647;
			files = (
				D39ABE2913CA81090078DA13 /* UIKit.framework in Frameworks */,
				D39ABE2A13CA81090078DA13 /* Foundation.framework in Frameworks */,
				002196811A520CC500895DB6 /* Security.framework in Frameworks */,
				D39ABE2B13CA81090078DA13 /* CoreGraphics.framework in Frameworks */,
			);
			runOnlyForDeploymentPostprocessing = 0;
		};
		D39ABE4213CA81090078DA13 /* Frameworks */ = {
			isa = PBXFrameworksBuildPhase;
			buildActionMask = 2147483647;
			files = (
				002196871A52107500895DB6 /* SenTestingKit.framework in Frameworks */,
				D3DEB64713CFA0180059B963 /* Security.framework in Frameworks */,
				D39ABE4713CA81090078DA13 /* UIKit.framework in Frameworks */,
				D39ABE4813CA81090078DA13 /* Foundation.framework in Frameworks */,
				D39ABE4913CA81090078DA13 /* CoreGraphics.framework in Frameworks */,
			);
			runOnlyForDeploymentPostprocessing = 0;
		};
/* End PBXFrameworksBuildPhase section */

/* Begin PBXGroup section */
		D39ABDA313CA80B50078DA13 = {
			isa = PBXGroup;
			children = (
				D39ABE5D13CA81390078DA13 /* PDKeychainBindingsController */,
				D39ABE2C13CA81090078DA13 /* PDKeychainBindingsControlleriOSExample */,
				D39ABE4C13CA81090078DA13 /* PDKeychainBindingsControlleriOSExampleTests */,
				D39ABDB113CA80B50078DA13 /* Frameworks */,
				D39ABDAF13CA80B50078DA13 /* Products */,
			);
			sourceTree = "<group>";
		};
		D39ABDAF13CA80B50078DA13 /* Products */ = {
			isa = PBXGroup;
			children = (
				D39ABE2713CA81090078DA13 /* PDKeychainBindingsControlleriOSExample.app */,
				D39ABE4613CA81090078DA13 /* PDKeychainBindingsControlleriOSExampleTests.xctest */,
				4D07B6E413F0C34C007D98DF /* libPDKeychainBindingsControllerIOS.a */,
			);
			name = Products;
			sourceTree = "<group>";
		};
		D39ABDB113CA80B50078DA13 /* Frameworks */ = {
			isa = PBXGroup;
			children = (
				002196861A52107500895DB6 /* SenTestingKit.framework */,
				D39ABDF513CA80D90078DA13 /* CoreData.framework */,
				D39ABDF613CA80D90078DA13 /* Foundation.framework */,
				D3DEB64613CFA0180059B963 /* Security.framework */,
				D39ABDB213CA80B50078DA13 /* UIKit.framework */,
				D39ABDB413CA80B50078DA13 /* Foundation.framework */,
				D39ABDB613CA80B50078DA13 /* CoreGraphics.framework */,
			);
			name = Frameworks;
			sourceTree = "<group>";
		};
		D39ABE2C13CA81090078DA13 /* PDKeychainBindingsControlleriOSExample */ = {
			isa = PBXGroup;
			children = (
				D39ABE3513CA81090078DA13 /* PDKeychainBindingsControlleriOSExampleAppDelegate.h */,
				D39ABE3613CA81090078DA13 /* PDKeychainBindingsControlleriOSExampleAppDelegate.m */,
				D39ABE3B13CA81090078DA13 /* PDKeychainBindingsControlleriOSExampleViewController.h */,
				D39ABE3C13CA81090078DA13 /* PDKeychainBindingsControlleriOSExampleViewController.m */,
				002196821A520E0E00895DB6 /* Default-568h@2x.png */,
				D39ABE3813CA81090078DA13 /* MainWindow.xib */,
				D39ABE3E13CA81090078DA13 /* PDKeychainBindingsControlleriOSExampleViewController.xib */,
				D39ABE2D13CA81090078DA13 /* Supporting Files */,
			);
			path = PDKeychainBindingsControlleriOSExample;
			sourceTree = "<group>";
		};
		D39ABE2D13CA81090078DA13 /* Supporting Files */ = {
			isa = PBXGroup;
			children = (
				D39ABE2E13CA81090078DA13 /* PDKeychainBindingsControlleriOSExample-Info.plist */,
				D39ABE3213CA81090078DA13 /* PDKeychainBindingsControlleriOSExample-Prefix.pch */,
			);
			name = "Supporting Files";
			sourceTree = "<group>";
		};
		D39ABE4C13CA81090078DA13 /* PDKeychainBindingsControlleriOSExampleTests */ = {
			isa = PBXGroup;
			children = (
				D39ABE8313CA8C620078DA13 /* PDKeychainBindingsTest.h */,
				D39ABE8413CA8C620078DA13 /* PDKeychainBindingsTest.m */,
			);
			path = PDKeychainBindingsControlleriOSExampleTests;
			sourceTree = "<group>";
		};
		D39ABE5D13CA81390078DA13 /* PDKeychainBindingsController */ = {
			isa = PBXGroup;
			children = (
				D39ABE6C13CA85E40078DA13 /* PDKeychainBindings.h */,
				D39ABE6D13CA85E40078DA13 /* PDKeychainBindings.m */,
				D39ABE5E13CA81550078DA13 /* PDKeychainBindingsController.h */,
				D39ABE5F13CA81550078DA13 /* PDKeychainBindingsController.m */,
			);
			name = PDKeychainBindingsController;
			sourceTree = "<group>";
		};
/* End PBXGroup section */

/* Begin PBXHeadersBuildPhase section */
		4D07B6E013F0C34C007D98DF /* Headers */ = {
			isa = PBXHeadersBuildPhase;
			buildActionMask = 2147483647;
			files = (
				4D07B6F213F0C387007D98DF /* PDKeychainBindingsController.h in Headers */,
				4D07B6F313F0C388007D98DF /* PDKeychainBindings.h in Headers */,
			);
			runOnlyForDeploymentPostprocessing = 0;
		};
/* End PBXHeadersBuildPhase section */

/* Begin PBXNativeTarget section */
		4D07B6E313F0C34C007D98DF /* PDKeychainBindingsControllerIOS */ = {
			isa = PBXNativeTarget;
			buildConfigurationList = 4D07B6FC13F0C392007D98DF /* Build configuration list for PBXNativeTarget "PDKeychainBindingsControllerIOS" */;
			buildPhases = (
				4D07B6E013F0C34C007D98DF /* Headers */,
				4D07B6E113F0C34C007D98DF /* Sources */,
				4D07B6E213F0C34C007D98DF /* Frameworks */,
			);
			buildRules = (
			);
			dependencies = (
			);
			name = PDKeychainBindingsControllerIOS;
			productName = PDKeychainBindingsControllerIOS;
			productReference = 4D07B6E413F0C34C007D98DF /* libPDKeychainBindingsControllerIOS.a */;
			productType = "com.apple.product-type.library.static";
		};
		D39ABE2613CA81090078DA13 /* PDKeychainBindingsControlleriOSExample */ = {
			isa = PBXNativeTarget;
			buildConfigurationList = D39ABE5713CA81090078DA13 /* Build configuration list for PBXNativeTarget "PDKeychainBindingsControlleriOSExample" */;
			buildPhases = (
				D39ABE2313CA81090078DA13 /* Sources */,
				D39ABE2413CA81090078DA13 /* Frameworks */,
				D39ABE2513CA81090078DA13 /* Resources */,
			);
			buildRules = (
			);
			dependencies = (
			);
			name = PDKeychainBindingsControlleriOSExample;
			productName = PDKeychainBindingsControlleriOSExample;
			productReference = D39ABE2713CA81090078DA13 /* PDKeychainBindingsControlleriOSExample.app */;
			productType = "com.apple.product-type.application";
		};
		D39ABE4513CA81090078DA13 /* PDKeychainBindingsControlleriOSExampleTests */ = {
			isa = PBXNativeTarget;
			buildConfigurationList = D39ABE5A13CA81090078DA13 /* Build configuration list for PBXNativeTarget "PDKeychainBindingsControlleriOSExampleTests" */;
			buildPhases = (
				D39ABE4113CA81090078DA13 /* Sources */,
				D39ABE4213CA81090078DA13 /* Frameworks */,
				D39ABE4313CA81090078DA13 /* Resources */,
				D39ABE4413CA81090078DA13 /* ShellScript */,
			);
			buildRules = (
			);
			dependencies = (
				002196891A52112600895DB6 /* PBXTargetDependency */,
			);
			name = PDKeychainBindingsControlleriOSExampleTests;
			productName = PDKeychainBindingsControlleriOSExampleTests;
			productReference = D39ABE4613CA81090078DA13 /* PDKeychainBindingsControlleriOSExampleTests.xctest */;
			productType = "com.apple.product-type.bundle.unit-test";
		};
/* End PBXNativeTarget section */

/* Begin PBXProject section */
		D39ABDA513CA80B50078DA13 /* Project object */ = {
			isa = PBXProject;
			attributes = {
				LastUpgradeCheck = 0500;
				ORGANIZATIONNAME = "PDAgent, LLC";
			};
			buildConfigurationList = D39ABDA813CA80B50078DA13 /* Build configuration list for PBXProject "PDKeychainBindingsController" */;
			compatibilityVersion = "Xcode 3.2";
			developmentRegion = English;
			hasScannedForEncodings = 0;
			knownRegions = (
				en,
			);
			mainGroup = D39ABDA313CA80B50078DA13;
			productRefGroup = D39ABDAF13CA80B50078DA13 /* Products */;
			projectDirPath = "";
			projectRoot = "";
			targets = (
				D39ABE2613CA81090078DA13 /* PDKeychainBindingsControlleriOSExample */,
				D39ABE4513CA81090078DA13 /* PDKeychainBindingsControlleriOSExampleTests */,
				4D07B6E313F0C34C007D98DF /* PDKeychainBindingsControllerIOS */,
			);
		};
/* End PBXProject section */

/* Begin PBXResourcesBuildPhase section */
		D39ABE2513CA81090078DA13 /* Resources */ = {
			isa = PBXResourcesBuildPhase;
			buildActionMask = 2147483647;
			files = (
				002196831A520E0E00895DB6 /* Default-568h@2x.png in Resources */,
				D39ABE3A13CA81090078DA13 /* MainWindow.xib in Resources */,
				D39ABE4013CA81090078DA13 /* PDKeychainBindingsControlleriOSExampleViewController.xib in Resources */,
			);
			runOnlyForDeploymentPostprocessing = 0;
		};
		D39ABE4313CA81090078DA13 /* Resources */ = {
			isa = PBXResourcesBuildPhase;
			buildActionMask = 2147483647;
			files = (
			);
			runOnlyForDeploymentPostprocessing = 0;
		};
/* End PBXResourcesBuildPhase section */

/* Begin PBXShellScriptBuildPhase section */
		D39ABE4413CA81090078DA13 /* ShellScript */ = {
			isa = PBXShellScriptBuildPhase;
			buildActionMask = 2147483647;
			files = (
			);
			inputPaths = (
			);
			outputPaths = (
			);
			runOnlyForDeploymentPostprocessing = 0;
			shellPath = /bin/sh;
			shellScript = "# Run the unit tests in this test bundle.\n\"${SYSTEM_DEVELOPER_DIR}/Tools/RunUnitTests\"\n";
		};
/* End PBXShellScriptBuildPhase section */

/* Begin PBXSourcesBuildPhase section */
		4D07B6E113F0C34C007D98DF /* Sources */ = {
			isa = PBXSourcesBuildPhase;
			buildActionMask = 2147483647;
			files = (
				4D07B6EE13F0C37B007D98DF /* PDKeychainBindings.m in Sources */,
				4D07B6EF13F0C37C007D98DF /* PDKeychainBindingsController.m in Sources */,
			);
			runOnlyForDeploymentPostprocessing = 0;
		};
		D39ABE2313CA81090078DA13 /* Sources */ = {
			isa = PBXSourcesBuildPhase;
			buildActionMask = 2147483647;
			files = (
				D39ABE3713CA81090078DA13 /* PDKeychainBindingsControlleriOSExampleAppDelegate.m in Sources */,
				D39ABE3D13CA81090078DA13 /* PDKeychainBindingsControlleriOSExampleViewController.m in Sources */,
				D39ABE6213CA81550078DA13 /* PDKeychainBindingsController.m in Sources */,
				D39ABE7013CA85E40078DA13 /* PDKeychainBindings.m in Sources */,
			);
			runOnlyForDeploymentPostprocessing = 0;
		};
		D39ABE4113CA81090078DA13 /* Sources */ = {
			isa = PBXSourcesBuildPhase;
			buildActionMask = 2147483647;
			files = (
				D39ABE8513CA8C620078DA13 /* PDKeychainBindingsTest.m in Sources */,
			);
			runOnlyForDeploymentPostprocessing = 0;
		};
/* End PBXSourcesBuildPhase section */

/* Begin PBXTargetDependency section */
		002196891A52112600895DB6 /* PBXTargetDependency */ = {
			isa = PBXTargetDependency;
			target = 4D07B6E313F0C34C007D98DF /* PDKeychainBindingsControllerIOS */;
			targetProxy = 002196881A52112600895DB6 /* PBXContainerItemProxy */;
		};
/* End PBXTargetDependency section */

/* Begin PBXVariantGroup section */
		D39ABE3813CA81090078DA13 /* MainWindow.xib */ = {
			isa = PBXVariantGroup;
			children = (
				D39ABE3913CA81090078DA13 /* en */,
			);
			name = MainWindow.xib;
			sourceTree = "<group>";
		};
		D39ABE3E13CA81090078DA13 /* PDKeychainBindingsControlleriOSExampleViewController.xib */ = {
			isa = PBXVariantGroup;
			children = (
				D39ABE3F13CA81090078DA13 /* en */,
			);
			name = PDKeychainBindingsControlleriOSExampleViewController.xib;
			sourceTree = "<group>";
		};
/* End PBXVariantGroup section */

/* Begin XCBuildConfiguration section */
		4D07B6E813F0C34D007D98DF /* Debug */ = {
			isa = XCBuildConfiguration;
			buildSettings = {
				ALWAYS_SEARCH_USER_PATHS = NO;
				COPY_PHASE_STRIP = NO;
				GCC_DYNAMIC_NO_PIC = NO;
				GCC_OPTIMIZATION_LEVEL = 0;
				INSTALL_PATH = "$(BUILT_PRODUCTS_DIR)";
				PREBINDING = NO;
				PRODUCT_NAME = PDKeychainBindingsControllerIOS;
				PUBLIC_HEADERS_FOLDER_PATH = "include/$(PRODUCT_NAME)";
				SDKROOT = iphoneos;
			};
			name = Debug;
		};
		4D07B6E913F0C34D007D98DF /* Release */ = {
			isa = XCBuildConfiguration;
			buildSettings = {
				ALWAYS_SEARCH_USER_PATHS = NO;
				COPY_PHASE_STRIP = YES;
				DEBUG_INFORMATION_FORMAT = "dwarf-with-dsym";
				GCC_ENABLE_FIX_AND_CONTINUE = NO;
				INSTALL_PATH = "$(BUILT_PRODUCTS_DIR)";
				PREBINDING = NO;
				PRODUCT_NAME = PDKeychainBindingsControllerIOS;
				PUBLIC_HEADERS_FOLDER_PATH = "include/$(PRODUCT_NAME)";
				SDKROOT = iphoneos;
				ZERO_LINK = NO;
			};
			name = Release;
		};
		D39ABDE313CA80B50078DA13 /* Debug */ = {
			isa = XCBuildConfiguration;
			buildSettings = {
				CLANG_ENABLE_OBJC_ARC = YES;
				"CODE_SIGN_IDENTITY[sdk=iphoneos*]" = "iPhone Developer";
				GCC_C_LANGUAGE_STANDARD = gnu99;
				GCC_OPTIMIZATION_LEVEL = 0;
				GCC_PREPROCESSOR_DEFINITIONS = DEBUG;
				GCC_SYMBOLS_PRIVATE_EXTERN = NO;
				GCC_WARN_ABOUT_RETURN_TYPE = YES;
				GCC_WARN_UNUSED_VARIABLE = YES;
				IPHONEOS_DEPLOYMENT_TARGET = 4.3;
				OTHER_LDFLAGS = (
					"-ObjC",
					"-all_load",
				);
				SDKROOT = iphoneos;
				SKIP_INSTALL = YES;
				VALID_ARCHS = "armv7 armv7s i386 x86_64 amd64";
			};
			name = Debug;
		};
		D39ABDE413CA80B50078DA13 /* Release */ = {
			isa = XCBuildConfiguration;
			buildSettings = {
				CLANG_ENABLE_OBJC_ARC = YES;
				"CODE_SIGN_IDENTITY[sdk=iphoneos*]" = "iPhone Developer";
				GCC_C_LANGUAGE_STANDARD = gnu99;
				GCC_WARN_ABOUT_RETURN_TYPE = YES;
				GCC_WARN_UNUSED_VARIABLE = YES;
				IPHONEOS_DEPLOYMENT_TARGET = 4.3;
				OTHER_CFLAGS = "-DNS_BLOCK_ASSERTIONS=1";
				OTHER_LDFLAGS = (
					"-ObjC",
					"-all_load",
				);
				SDKROOT = iphoneos;
				SKIP_INSTALL = YES;
				VALID_ARCHS = "armv7 armv7s i386 x86_64 amd64";
			};
			name = Release;
		};
		D39ABE5813CA81090078DA13 /* Debug */ = {
			isa = XCBuildConfiguration;
			buildSettings = {
				ALWAYS_SEARCH_USER_PATHS = NO;
				"CODE_SIGN_IDENTITY[sdk=iphoneos*]" = "iPhone Developer";
				COPY_PHASE_STRIP = NO;
				GCC_DYNAMIC_NO_PIC = NO;
				GCC_PRECOMPILE_PREFIX_HEADER = YES;
				GCC_PREFIX_HEADER = "PDKeychainBindingsControlleriOSExample/PDKeychainBindingsControlleriOSExample-Prefix.pch";
				GCC_VERSION = com.apple.compilers.llvm.clang.1_0;
				INFOPLIST_FILE = "PDKeychainBindingsControlleriOSExample/PDKeychainBindingsControlleriOSExample-Info.plist";
				PRODUCT_NAME = "$(TARGET_NAME)";
				WRAPPER_EXTENSION = app;
			};
			name = Debug;
		};
		D39ABE5913CA81090078DA13 /* Release */ = {
			isa = XCBuildConfiguration;
			buildSettings = {
				ALWAYS_SEARCH_USER_PATHS = NO;
				"CODE_SIGN_IDENTITY[sdk=iphoneos*]" = "iPhone Developer";
				COPY_PHASE_STRIP = YES;
				GCC_PRECOMPILE_PREFIX_HEADER = YES;
				GCC_PREFIX_HEADER = "PDKeychainBindingsControlleriOSExample/PDKeychainBindingsControlleriOSExample-Prefix.pch";
				GCC_VERSION = com.apple.compilers.llvm.clang.1_0;
				INFOPLIST_FILE = "PDKeychainBindingsControlleriOSExample/PDKeychainBindingsControlleriOSExample-Info.plist";
				PRODUCT_NAME = "$(TARGET_NAME)";
				VALIDATE_PRODUCT = YES;
				WRAPPER_EXTENSION = app;
			};
			name = Release;
		};
		D39ABE5B13CA81090078DA13 /* Debug */ = {
			isa = XCBuildConfiguration;
			buildSettings = {
				ALWAYS_SEARCH_USER_PATHS = NO;
				BUNDLE_LOADER = "$(BUILT_PRODUCTS_DIR)/PDKeychainBindingsControlleriOSExample.app/PDKeychainBindingsControlleriOSExample";
				FRAMEWORK_SEARCH_PATHS = (
					"$(SDKROOT)/Developer/Library/Frameworks",
					"$(inherited)",
					"$(DEVELOPER_FRAMEWORKS_DIR)",
					"$(PLATFORM_DIR)/Developer/Library/Frameworks",
				);
				GCC_PRECOMPILE_PREFIX_HEADER = YES;
				GCC_PREFIX_HEADER = "PDKeychainBindingsControlleriOSExample/PDKeychainBindingsControlleriOSExample-Prefix.pch";
				GCC_VERSION = com.apple.compilers.llvm.clang.1_0;
				INFOPLIST_FILE = "PDKeychainBindingsControlleriOSExample/PDKeychainBindingsControlleriOSExample-Info.plist";
				PRODUCT_NAME = "$(TARGET_NAME)";
				TEST_HOST = "$(BUNDLE_LOADER)";
			};
			name = Debug;
		};
		D39ABE5C13CA81090078DA13 /* Release */ = {
			isa = XCBuildConfiguration;
			buildSettings = {
				ALWAYS_SEARCH_USER_PATHS = NO;
				BUNDLE_LOADER = "$(BUILT_PRODUCTS_DIR)/PDKeychainBindingsControlleriOSExample.app/PDKeychainBindingsControlleriOSExample";
				FRAMEWORK_SEARCH_PATHS = (
					"$(SDKROOT)/Developer/Library/Frameworks",
					"$(inherited)",
					"$(DEVELOPER_FRAMEWORKS_DIR)",
					"$(PLATFORM_DIR)/Developer/Library/Frameworks",
				);
				GCC_PRECOMPILE_PREFIX_HEADER = YES;
				GCC_PREFIX_HEADER = "PDKeychainBindingsControlleriOSExample/PDKeychainBindingsControlleriOSExample-Prefix.pch";
				GCC_VERSION = com.apple.compilers.llvm.clang.1_0;
				INFOPLIST_FILE = "PDKeychainBindingsControlleriOSExample/PDKeychainBindingsControlleriOSExample-Info.plist";
				PRODUCT_NAME = "$(TARGET_NAME)";
				TEST_HOST = "$(BUNDLE_LOADER)";
			};
			name = Release;
		};
/* End XCBuildConfiguration section */

/* Begin XCConfigurationList section */
		4D07B6FC13F0C392007D98DF /* Build configuration list for PBXNativeTarget "PDKeychainBindingsControllerIOS" */ = {
			isa = XCConfigurationList;
			buildConfigurations = (
				4D07B6E813F0C34D007D98DF /* Debug */,
				4D07B6E913F0C34D007D98DF /* Release */,
			);
			defaultConfigurationIsVisible = 0;
			defaultConfigurationName = Release;
		};
		D39ABDA813CA80B50078DA13 /* Build configuration list for PBXProject "PDKeychainBindingsController" */ = {
			isa = XCConfigurationList;
			buildConfigurations = (
				D39ABDE313CA80B50078DA13 /* Debug */,
				D39ABDE413CA80B50078DA13 /* Release */,
			);
			defaultConfigurationIsVisible = 0;
			defaultConfigurationName = Release;
		};
		D39ABE5713CA81090078DA13 /* Build configuration list for PBXNativeTarget "PDKeychainBindingsControlleriOSExample" */ = {
			isa = XCConfigurationList;
			buildConfigurations = (
				D39ABE5813CA81090078DA13 /* Debug */,
				D39ABE5913CA81090078DA13 /* Release */,
			);
			defaultConfigurationIsVisible = 0;
			defaultConfigurationName = Release;
		};
		D39ABE5A13CA81090078DA13 /* Build configuration list for PBXNativeTarget "PDKeychainBindingsControlleriOSExampleTests" */ = {
			isa = XCConfigurationList;
			buildConfigurations = (
				D39ABE5B13CA81090078DA13 /* Debug */,
				D39ABE5C13CA81090078DA13 /* Release */,
			);
			defaultConfigurationIsVisible = 0;
			defaultConfigurationName = Release;
		};
/* End XCConfigurationList section */
	};
	rootObject = D39ABDA513CA80B50078DA13 /* Project object */;
}
